
Microsoft Visual Studio Solution File, Format Version 12.00
# Visual Studio 15
VisualStudioVersion = 15.0.27703.2047
MinimumVisualStudioVersion = 10.0.40219.1
Project("{FAE04EC0-301F-11D3-BF4B-00C04F79EFBC}") = "TShop.Common", "NShop.Common\TShop.Common.csproj", "{1F5DF130-5E4E-4CC6-AFE4-69CB1F20670B}"
EndProject
Project("{FAE04EC0-301F-11D3-BF4B-00C04F79EFBC}") = "TShop.Data", "NShop.Data\TShop.Data.csproj", "{E63D99E9-7D42-457C-96B8-C7ED1C42EF84}"
EndProject
Project("{FAE04EC0-301F-11D3-BF4B-00C04F79EFBC}") = "TShop.Model", "NShop.Model\TShop.Model.csproj", "{7CF42341-E9F5-4E08-984D-D35E452C498D}"
EndProject
Project("{FAE04EC0-301F-11D3-BF4B-00C04F79EFBC}") = "TShop.Service", "NShop.Service\TShop.Service.csproj", "{21A794EC-8EFE-41ED-B949-3818C072FC5E}"
EndProject
Project("{FAE04EC0-301F-11D3-BF4B-00C04F79EFBC}") = "TShop.UnitTest", "NShop.UnitTest\TShop.UnitTest.csproj", "{D74400A1-0C17-4EA6-901C-0CE0D7FC245F}"
EndProject
Project("{FAE04EC0-301F-11D3-BF4B-00C04F79EFBC}") = "TShop.Web", "TShop.Web\TShop.Web.csproj", "{374C3B4F-5480-450B-9038-74BC85D0E646}"
EndProject
Global
	GlobalSection(SolutionConfigurationPlatforms) = preSolution
		Debug|Any CPU = Debug|Any CPU
		Release|Any CPU = Release|Any CPU
	EndGlobalSection
	GlobalSection(ProjectConfigurationPlatforms) = postSolution
		{1F5DF130-5E4E-4CC6-AFE4-69CB1F20670B}.Debug|Any CPU.ActiveCfg = Debug|Any CPU
		{1F5DF130-5E4E-4CC6-AFE4-69CB1F20670B}.Debug|Any CPU.Build.0 = Debug|Any CPU
		{1F5DF130-5E4E-4CC6-AFE4-69CB1F20670B}.Release|Any CPU.ActiveCfg = Release|Any CPU
		{1F5DF130-5E4E-4CC6-AFE4-69CB1F20670B}.Release|Any CPU.Build.0 = Release|Any CPU
		{E63D99E9-7D42-457C-96B8-C7ED1C42EF84}.Debug|Any CPU.ActiveCfg = Debug|Any CPU
		{E63D99E9-7D42-457C-96B8-C7ED1C42EF84}.Debug|Any CPU.Build.0 = Debug|Any CPU
		{E63D99E9-7D42-457C-96B8-C7ED1C42EF84}.Release|Any CPU.ActiveCfg = Release|Any CPU
		{E63D99E9-7D42-457C-96B8-C7ED1C42EF84}.Release|Any CPU.Build.0 = Release|Any CPU
		{7CF42341-E9F5-4E08-984D-D35E452C498D}.Debug|Any CPU.ActiveCfg = Debug|Any CPU
		{7CF42341-E9F5-4E08-984D-D35E452C498D}.Debug|Any CPU.Build.0 = Debug|Any CPU
		{7CF42341-E9F5-4E08-984D-D35E452C498D}.Release|Any CPU.ActiveCfg = Release|Any CPU
		{7CF42341-E9F5-4E08-984D-D35E452C498D}.Release|Any CPU.Build.0 = Release|Any CPU
		{21A794EC-8EFE-41ED-B949-3818C072FC5E}.Debug|Any CPU.ActiveCfg = Debug|Any CPU
		{21A794EC-8EFE-41ED-B949-3818C072FC5E}.Debug|Any CPU.Build.0 = Debug|Any CPU
		{21A794EC-8EFE-41ED-B949-3818C072FC5E}.Release|Any CPU.ActiveCfg = Release|Any CPU
		{21A794EC-8EFE-41ED-B949-3818C072FC5E}.Release|Any CPU.Build.0 = Release|Any CPU
		{D74400A1-0C17-4EA6-901C-0CE0D7FC245F}.Debug|Any CPU.ActiveCfg = Debug|Any CPU
		{D74400A1-0C17-4EA6-901C-0CE0D7FC245F}.Debug|Any CPU.Build.0 = Debug|Any CPU
		{D74400A1-0C17-4EA6-901C-0CE0D7FC245F}.Release|Any CPU.ActiveCfg = Release|Any CPU
		{D74400A1-0C17-4EA6-901C-0CE0D7FC245F}.Release|Any CPU.Build.0 = Release|Any CPU
		{374C3B4F-5480-450B-9038-74BC85D0E646}.Debug|Any CPU.ActiveCfg = Debug|Any CPU
		{374C3B4F-5480-450B-9038-74BC85D0E646}.Debug|Any CPU.Build.0 = Debug|Any CPU
		{374C3B4F-5480-450B-9038-74BC85D0E646}.Release|Any CPU.ActiveCfg = Release|Any CPU
		{374C3B4F-5480-450B-9038-74BC85D0E646}.Release|Any CPU.Build.0 = Release|Any CPU
	EndGlobalSection
	GlobalSection(SolutionProperties) = preSolution
		HideSolutionNode = FALSE
	EndGlobalSection
	GlobalSection(ExtensibilityGlobals) = postSolution
		SolutionGuid = {E69452A1-506F-4F2E-96AE-C754472F342C}
	EndGlobalSection
EndGlobal
